schema: '2.0'
stages:
  training:
    cmd: python model_one.py
    deps:
    - path: Dataset_Food
      md5: 840fdb9a23c98313dde45246036c291f.dir
      size: 452697142
      nfiles: 5000
  testing:
    cmd: python test_models.py
    deps:
    - path: Dataset_Food
      md5: 840fdb9a23c98313dde45246036c291f.dir
      size: 452697142
      nfiles: 5000
    - path: model_one.py
      md5: 3b7e4c3d0d402cad9bc788f90003c85c
      size: 2345
